
Microsoft Visual Studio Solution File, Format Version 12.00
# Visual Studio Version 16
VisualStudioVersion = 16.0.32802.440
MinimumVisualStudioVersion = 10.0.40219.1
Project("{FAE04EC0-301F-11D3-BF4B-00C04F79EFBC}") = "2nd MVC", "2nd MVC.csproj", "{D240B531-EE28-428F-B338-2AE2B1850359}"
EndProject
Global
	GlobalSection(SolutionConfigurationPlatforms) = preSolution
		Debug|Any CPU = Debug|Any CPU
		Release|Any CPU = Release|Any CPU
	EndGlobalSection
	GlobalSection(ProjectConfigurationPlatforms) = postSolution
		{D240B531-EE28-428F-B338-2AE2B1850359}.Debug|Any CPU.ActiveCfg = Debug|Any CPU
		{D240B531-EE28-428F-B338-2AE2B1850359}.Debug|Any CPU.Build.0 = Debug|Any CPU
		{D240B531-EE28-428F-B338-2AE2B1850359}.Release|Any CPU.ActiveCfg = Release|Any CPU
		{D240B531-EE28-428F-B338-2AE2B1850359}.Release|Any CPU.Build.0 = Release|Any CPU
	EndGlobalSection
	GlobalSection(SolutionProperties) = preSolution
		HideSolutionNode = FALSE
	EndGlobalSection
	GlobalSection(ExtensibilityGlobals) = postSolution
		SolutionGuid = {F3FAC6E7-AF18-40F1-B370-C390A3441584}
	EndGlobalSection
EndGlobal
