
Microsoft Visual Studio Solution File, Format Version 12.00
# Visual Studio Version 16
VisualStudioVersion = 16.0.32802.440
MinimumVisualStudioVersion = 10.0.40219.1
Project("{FAE04EC0-301F-11D3-BF4B-00C04F79EFBC}") = "PortalNoticias", "PortalNoticias\PortalNoticias.csproj", "{6E927E12-8AF2-417D-A919-21F9BCC54B08}"
EndProject
Global
	GlobalSection(SolutionConfigurationPlatforms) = preSolution
		Debug|Any CPU = Debug|Any CPU
		Release|Any CPU = Release|Any CPU
	EndGlobalSection
	GlobalSection(ProjectConfigurationPlatforms) = postSolution
		{6E927E12-8AF2-417D-A919-21F9BCC54B08}.Debug|Any CPU.ActiveCfg = Debug|Any CPU
		{6E927E12-8AF2-417D-A919-21F9BCC54B08}.Debug|Any CPU.Build.0 = Debug|Any CPU
		{6E927E12-8AF2-417D-A919-21F9BCC54B08}.Release|Any CPU.ActiveCfg = Release|Any CPU
		{6E927E12-8AF2-417D-A919-21F9BCC54B08}.Release|Any CPU.Build.0 = Release|Any CPU
	EndGlobalSection
	GlobalSection(SolutionProperties) = preSolution
		HideSolutionNode = FALSE
	EndGlobalSection
	GlobalSection(ExtensibilityGlobals) = postSolution
		SolutionGuid = {1E2F5E28-8620-4D74-A626-7166E1B7F82B}
	EndGlobalSection
EndGlobal
