
Microsoft Visual Studio Solution File, Format Version 12.00
# Visual Studio Version 16
VisualStudioVersion = 16.0.32802.440
MinimumVisualStudioVersion = 10.0.40219.1
Project("{FAE04EC0-301F-11D3-BF4B-00C04F79EFBC}") = "Tarefa-MVC-Core-CHAPELARIA", "Tarefa-MVC-Core-CHAPELARIA.csproj", "{B586DDF7-020B-46FC-9564-BB481911BCF1}"
EndProject
Global
	GlobalSection(SolutionConfigurationPlatforms) = preSolution
		Debug|Any CPU = Debug|Any CPU
		Release|Any CPU = Release|Any CPU
	EndGlobalSection
	GlobalSection(ProjectConfigurationPlatforms) = postSolution
		{B586DDF7-020B-46FC-9564-BB481911BCF1}.Debug|Any CPU.ActiveCfg = Debug|Any CPU
		{B586DDF7-020B-46FC-9564-BB481911BCF1}.Debug|Any CPU.Build.0 = Debug|Any CPU
		{B586DDF7-020B-46FC-9564-BB481911BCF1}.Release|Any CPU.ActiveCfg = Release|Any CPU
		{B586DDF7-020B-46FC-9564-BB481911BCF1}.Release|Any CPU.Build.0 = Release|Any CPU
	EndGlobalSection
	GlobalSection(SolutionProperties) = preSolution
		HideSolutionNode = FALSE
	EndGlobalSection
	GlobalSection(ExtensibilityGlobals) = postSolution
		SolutionGuid = {95296B61-AC39-4B59-94D2-AB3263A040D3}
	EndGlobalSection
EndGlobal
